# THIS IS AN AUTOGENERATED FILE. DO NOT EDIT THIS FILE DIRECTLY.
# yarn lockfile v1


"@isaacs/fs-minipass@^4.0.0":
  version "4.0.1"
  resolved "https://registry.yarnpkg.com/@isaacs/fs-minipass/-/fs-minipass-4.0.1.tgz#2d59ae3ab4b38fb4270bfa23d30f8e2e86c7fe32"
  integrity sha512-wgm9Ehl2jpeqP3zw/7mo3kRHFp5MEDhqAdwy1fTGkHAwnkGOVsgpvQhL8B5n1qlb01jV3n/bI0ZfZp5lWA1k4w==
  dependencies:
    minipass "^7.0.4"

"@kmamal/sdl@^0.11.13":
  version "0.11.13"
  resolved "https://registry.yarnpkg.com/@kmamal/sdl/-/sdl-0.11.13.tgz#73642c3bee00adfd1ae4d38038ba9c968db9de8e"
  integrity sha512-9WmxYNtCggi7Ovq1cU7m/s5WXD/+eKQxDMnL3bU8B5vr5GlaLg4xLykDCpcbWKkJJ2i6llTrdL7LiqikwDFz4w==
  dependencies:
    tar "^7.4.3"

"@napi-rs/canvas-android-arm64@0.1.82":
  version "0.1.82"
  resolved "https://registry.yarnpkg.com/@napi-rs/canvas-android-arm64/-/canvas-android-arm64-0.1.82.tgz#4e851c069ad30e1e21f86cbdf2f1667479b337a2"
  integrity sha512-bvZhN0iI54ouaQOrgJV96H2q7J3ZoufnHf4E1fUaERwW29Rz4rgicohnAg4venwBJZYjGl5Yl3CGmlAl1LZowQ==

"@napi-rs/canvas-darwin-arm64@0.1.82":
  version "0.1.82"
  resolved "https://registry.yarnpkg.com/@napi-rs/canvas-darwin-arm64/-/canvas-darwin-arm64-0.1.82.tgz#e4fa79683f19a24271cabb973a5b77199d903950"
  integrity sha512-InuBHKCyuFqhNwNr4gpqazo5Xp6ltKflqOLiROn4hqAS8u21xAHyYCJRgHwd+a5NKmutFTaRWeUIT/vxWbU/iw==

"@napi-rs/canvas-darwin-x64@0.1.82":
  version "0.1.82"
  resolved "https://registry.yarnpkg.com/@napi-rs/canvas-darwin-x64/-/canvas-darwin-x64-0.1.82.tgz#336589d1c0cad8b7b482d6fe4d3a97e781a682bb"
  integrity sha512-aQGV5Ynn96onSXcuvYb2y7TRXD/t4CL2EGmnGqvLyeJX1JLSNisKQlWN/1bPDDXymZYSdUqbXehj5qzBlOx+RQ==

"@napi-rs/canvas-linux-arm-gnueabihf@0.1.82":
  version "0.1.82"
  resolved "https://registry.yarnpkg.com/@napi-rs/canvas-linux-arm-gnueabihf/-/canvas-linux-arm-gnueabihf-0.1.82.tgz#a2a9b7aee9081144fcfabc0475925089c1b81b1c"
  integrity sha512-YIUpmHWeHGGRhWitT1KJkgj/JPXPfc9ox8oUoyaGPxolLGPp5AxJkq8wIg8CdFGtutget968dtwmx71m8o3h5g==

"@napi-rs/canvas-linux-arm64-gnu@0.1.82":
  version "0.1.82"
  resolved "https://registry.yarnpkg.com/@napi-rs/canvas-linux-arm64-gnu/-/canvas-linux-arm64-gnu-0.1.82.tgz#6aacbdb8e40dfc472db381179f30cec68db6cb21"
  integrity sha512-AwLzwLBgmvk7kWeUgItOUor/QyG31xqtD26w1tLpf4yE0hiXTGp23yc669aawjB6FzgIkjh1NKaNS52B7/qEBQ==

"@napi-rs/canvas-linux-arm64-musl@0.1.82":
  version "0.1.82"
  resolved "https://registry.yarnpkg.com/@napi-rs/canvas-linux-arm64-musl/-/canvas-linux-arm64-musl-0.1.82.tgz#9b0b4fe96ac03f3630779c6a43d3b013c8db02f0"
  integrity sha512-moZWuqepAwWBffdF4JDadt8TgBD02iMhG6I1FHZf8xO20AsIp9rB+p0B8Zma2h2vAF/YMjeFCDmW5un6+zZz9g==

"@napi-rs/canvas-linux-riscv64-gnu@0.1.82":
  version "0.1.82"
  resolved "https://registry.yarnpkg.com/@napi-rs/canvas-linux-riscv64-gnu/-/canvas-linux-riscv64-gnu-0.1.82.tgz#713e21c9a5e5d1aec1e9c9d8130ab05294f2f74a"
  integrity sha512-w9++2df2kG9eC9LWYIHIlMLuhIrKGQYfUxs97CwgxYjITeFakIRazI9LYWgVzEc98QZ9x9GQvlicFsrROV59MQ==

"@napi-rs/canvas-linux-x64-gnu@0.1.82":
  version "0.1.82"
  resolved "https://registry.yarnpkg.com/@napi-rs/canvas-linux-x64-gnu/-/canvas-linux-x64-gnu-0.1.82.tgz#d1a566ef3fb43a9f2ec4b6e252945a4160b4ee74"
  integrity sha512-lZulOPwrRi6hEg/17CaqdwWEUfOlIJuhXxincx1aVzsVOCmyHf+xFq4i6liJl1P+x2v6Iz2Z/H5zHvXJCC7Bwg==

"@napi-rs/canvas-linux-x64-musl@0.1.82":
  version "0.1.82"
  resolved "https://registry.yarnpkg.com/@napi-rs/canvas-linux-x64-musl/-/canvas-linux-x64-musl-0.1.82.tgz#a111240507e5bc2c7e7179f3cca83e3a5a9c1bea"
  integrity sha512-Be9Wf5RTv1w6GXlTph55K3PH3vsAh1Ax4T1FQY1UYM0QfD0yrwGdnJ8/fhqw7dEgMjd59zIbjJQC8C3msbGn5g==

"@napi-rs/canvas-win32-x64-msvc@0.1.82":
  version "0.1.82"
  resolved "https://registry.yarnpkg.com/@napi-rs/canvas-win32-x64-msvc/-/canvas-win32-x64-msvc-0.1.82.tgz#7116dfc7d8db2b853066286498c9549973bd1233"
  integrity sha512-LN/i8VrvxTDmEEK1c10z2cdOTkWT76LlTGtyZe5Kr1sqoSomKeExAjbilnu1+oee5lZUgS5yfZ2LNlVhCeARuw==

"@napi-rs/canvas@^0.1.82":
  version "0.1.82"
  resolved "https://registry.yarnpkg.com/@napi-rs/canvas/-/canvas-0.1.82.tgz#1b6f854d6ec6d68fe45fc7927121947531feeb9a"
  integrity sha512-FGjyUBoF0sl1EenSiE4UV2WYu76q6F9GSYedq5EiOCOyGYoQ/Owulcv6rd7v/tWOpljDDtefXXIaOCJrVKem4w==
  optionalDependencies:
    "@napi-rs/canvas-android-arm64" "0.1.82"
    "@napi-rs/canvas-darwin-arm64" "0.1.82"
    "@napi-rs/canvas-darwin-x64" "0.1.82"
    "@napi-rs/canvas-linux-arm-gnueabihf" "0.1.82"
    "@napi-rs/canvas-linux-arm64-gnu" "0.1.82"
    "@napi-rs/canvas-linux-arm64-musl" "0.1.82"
    "@napi-rs/canvas-linux-riscv64-gnu" "0.1.82"
    "@napi-rs/canvas-linux-x64-gnu" "0.1.82"
    "@napi-rs/canvas-linux-x64-musl" "0.1.82"
    "@napi-rs/canvas-win32-x64-msvc" "0.1.82"

chownr@^3.0.0:
  version "3.0.0"
  resolved "https://registry.yarnpkg.com/chownr/-/chownr-3.0.0.tgz#9855e64ecd240a9cc4267ce8a4aa5d24a1da15e4"
  integrity sha512-+IxzY9BZOQd/XuYPRmrvEVjF/nqj5kgT4kEq7VofrDoM1MxoRjEWkrCC3EtLi59TVawxTAn+orJwFQcrqEN1+g==

minipass@^7.0.4, minipass@^7.1.2:
  version "7.1.2"
  resolved "https://registry.yarnpkg.com/minipass/-/minipass-7.1.2.tgz#93a9626ce5e5e66bd4db86849e7515e92340a707"
  integrity sha512-qOOzS1cBTWYF4BH8fVePDBOO9iptMnGUEZwNc/cMWnTV2nVLZ7VoNWEPHkYczZA0pdoA7dl6e7FL659nX9S2aw==

minizlib@^3.1.0:
  version "3.1.0"
  resolved "https://registry.yarnpkg.com/minizlib/-/minizlib-3.1.0.tgz#6ad76c3a8f10227c9b51d1c9ac8e30b27f5a251c"
  integrity sha512-KZxYo1BUkWD2TVFLr0MQoM8vUUigWD3LlD83a/75BqC+4qE0Hb1Vo5v1FgcfaNXvfXzr+5EhQ6ing/CaBijTlw==
  dependencies:
    minipass "^7.1.2"

tar@^7.4.3:
  version "7.5.2"
  resolved "https://registry.yarnpkg.com/tar/-/tar-7.5.2.tgz#115c061495ec51ff3c6745ff8f6d0871c5b1dedc"
  integrity sha512-7NyxrTE4Anh8km8iEy7o0QYPs+0JKBTj5ZaqHg6B39erLg0qYXN3BijtShwbsNSvQ+LN75+KV+C4QR/f6Gwnpg==
  dependencies:
    "@isaacs/fs-minipass" "^4.0.0"
    chownr "^3.0.0"
    minipass "^7.1.2"
    minizlib "^3.1.0"
    yallist "^5.0.0"

yallist@^5.0.0:
  version "5.0.0"
  resolved "https://registry.yarnpkg.com/yallist/-/yallist-5.0.0.tgz#00e2de443639ed0d78fd87de0d27469fbcffb533"
  integrity sha512-YgvUTfwqyc7UXVMrB+SImsVYSmTS8X/tSrtdNZMImM+n7+QTriRXyXim0mBrTXNeqzVF0KWGgHPeiyViFFrNDw==
